{
  "version": 4,
  "terraform_version": "0.14.4",
  "serial": 5,
  "lineage": "f132b6e1-f39e-6bd3-94bf-c912dd023fd1",
  "outputs": {},
  "resources": [
    {
      "mode": "managed",
      "type": "azurerm_resource_group",
      "name": "demo",
      "provider": "provider[\"registry.terraform.io/hashicorp/azurerm\"]",
      "instances": [
        {
          "schema_version": 0,
          "attributes": {
            "id": "/subscriptions/accc73f9-fbd2-4037-be46-9c6cfb25a8b9/resourceGroups/resource-group-demo",
            "location": "westeurope",
            "name": "resource-group-demo",
            "tags": {
              "env": "resource-group-demo"
            },
            "timeouts": null
          },
          "sensitive_attributes": [],
          "private": "eyJlMmJmYjczMC1lY2FhLTExZTYtOGY4OC0zNDM2M2JjN2M0YzAiOnsiY3JlYXRlIjo1NDAwMDAwMDAwMDAwLCJkZWxldGUiOjU0MDAwMDAwMDAwMDAsInJlYWQiOjMwMDAwMDAwMDAwMCwidXBkYXRlIjo1NDAwMDAwMDAwMDAwfX0="
        }
      ]
    }
  ]
}
